
Microsoft Visual Studio Solution File, Format Version 12.00
# Visual Studio Version 17
VisualStudioVersion = 17.0.32014.148
MinimumVisualStudioVersion = 10.0.40219.1
Project("{9A19103F-16F7-4668-BE54-9A1E7A4F7556}") = "RpgOl.Domain", "RpgOl.Domain\RpgOl.Domain.csproj", "{E6DC9DCD-3E13-4DBD-BDE2-24DF4597C67A}"
EndProject
Project("{9A19103F-16F7-4668-BE54-9A1E7A4F7556}") = "RpgOl.Api", "RpgOl.Api\RpgOl.Api.csproj", "{8D362B09-7A70-405D-B164-6BCF18B398AE}"
EndProject
Project("{9A19103F-16F7-4668-BE54-9A1E7A4F7556}") = "RpoOl.Dal", "RpgOl.Dal\RpoOl.Dal.csproj", "{8A793A8A-DA86-4A03-9374-54714F6EA14A}"
EndProject
Project("{00D1A9C2-B5F0-4AF3-8072-F6C62B433612}") = "RpgOl.Db", "RpoOl.Db\RpgOl.Db.sqlproj", "{9B2B9B2E-804F-4870-B2C9-0A36409A0320}"
EndProject
Project("{9A19103F-16F7-4668-BE54-9A1E7A4F7556}") = "RpoOl.Core", "RpoOl.Core\RpoOl.Core.csproj", "{93D1EB7C-ED79-4AEA-962F-D573B52F1FC8}"
EndProject
Project("{9A19103F-16F7-4668-BE54-9A1E7A4F7556}") = "RpgOl.Contracts", "RpgOl.Contracts\RpgOl.Contracts.csproj", "{516C7C76-0B7D-4A05-AD38-11CA86B42DBE}"
EndProject
Project("{FAE04EC0-301F-11D3-BF4B-00C04F79EFBC}") = "RpOl.Admin", "RpOl.Admin\RpOl.Admin.csproj", "{737DC5FA-689E-4817-8353-52591AC9C049}"
EndProject
Global
	GlobalSection(SolutionConfigurationPlatforms) = preSolution
		Debug|Any CPU = Debug|Any CPU
		Release|Any CPU = Release|Any CPU
	EndGlobalSection
	GlobalSection(ProjectConfigurationPlatforms) = postSolution
		{E6DC9DCD-3E13-4DBD-BDE2-24DF4597C67A}.Debug|Any CPU.ActiveCfg = Debug|Any CPU
		{E6DC9DCD-3E13-4DBD-BDE2-24DF4597C67A}.Debug|Any CPU.Build.0 = Debug|Any CPU
		{E6DC9DCD-3E13-4DBD-BDE2-24DF4597C67A}.Release|Any CPU.ActiveCfg = Release|Any CPU
		{E6DC9DCD-3E13-4DBD-BDE2-24DF4597C67A}.Release|Any CPU.Build.0 = Release|Any CPU
		{8D362B09-7A70-405D-B164-6BCF18B398AE}.Debug|Any CPU.ActiveCfg = Debug|Any CPU
		{8D362B09-7A70-405D-B164-6BCF18B398AE}.Debug|Any CPU.Build.0 = Debug|Any CPU
		{8D362B09-7A70-405D-B164-6BCF18B398AE}.Release|Any CPU.ActiveCfg = Release|Any CPU
		{8D362B09-7A70-405D-B164-6BCF18B398AE}.Release|Any CPU.Build.0 = Release|Any CPU
		{8A793A8A-DA86-4A03-9374-54714F6EA14A}.Debug|Any CPU.ActiveCfg = Debug|Any CPU
		{8A793A8A-DA86-4A03-9374-54714F6EA14A}.Debug|Any CPU.Build.0 = Debug|Any CPU
		{8A793A8A-DA86-4A03-9374-54714F6EA14A}.Release|Any CPU.ActiveCfg = Release|Any CPU
		{8A793A8A-DA86-4A03-9374-54714F6EA14A}.Release|Any CPU.Build.0 = Release|Any CPU
		{9B2B9B2E-804F-4870-B2C9-0A36409A0320}.Debug|Any CPU.ActiveCfg = Debug|Any CPU
		{9B2B9B2E-804F-4870-B2C9-0A36409A0320}.Debug|Any CPU.Build.0 = Debug|Any CPU
		{9B2B9B2E-804F-4870-B2C9-0A36409A0320}.Debug|Any CPU.Deploy.0 = Debug|Any CPU
		{9B2B9B2E-804F-4870-B2C9-0A36409A0320}.Release|Any CPU.ActiveCfg = Release|Any CPU
		{9B2B9B2E-804F-4870-B2C9-0A36409A0320}.Release|Any CPU.Build.0 = Release|Any CPU
		{9B2B9B2E-804F-4870-B2C9-0A36409A0320}.Release|Any CPU.Deploy.0 = Release|Any CPU
		{93D1EB7C-ED79-4AEA-962F-D573B52F1FC8}.Debug|Any CPU.ActiveCfg = Debug|Any CPU
		{93D1EB7C-ED79-4AEA-962F-D573B52F1FC8}.Debug|Any CPU.Build.0 = Debug|Any CPU
		{93D1EB7C-ED79-4AEA-962F-D573B52F1FC8}.Release|Any CPU.ActiveCfg = Release|Any CPU
		{93D1EB7C-ED79-4AEA-962F-D573B52F1FC8}.Release|Any CPU.Build.0 = Release|Any CPU
		{516C7C76-0B7D-4A05-AD38-11CA86B42DBE}.Debug|Any CPU.ActiveCfg = Debug|Any CPU
		{516C7C76-0B7D-4A05-AD38-11CA86B42DBE}.Debug|Any CPU.Build.0 = Debug|Any CPU
		{516C7C76-0B7D-4A05-AD38-11CA86B42DBE}.Release|Any CPU.ActiveCfg = Release|Any CPU
		{516C7C76-0B7D-4A05-AD38-11CA86B42DBE}.Release|Any CPU.Build.0 = Release|Any CPU
		{737DC5FA-689E-4817-8353-52591AC9C049}.Debug|Any CPU.ActiveCfg = Debug|Any CPU
		{737DC5FA-689E-4817-8353-52591AC9C049}.Debug|Any CPU.Build.0 = Debug|Any CPU
		{737DC5FA-689E-4817-8353-52591AC9C049}.Release|Any CPU.ActiveCfg = Release|Any CPU
		{737DC5FA-689E-4817-8353-52591AC9C049}.Release|Any CPU.Build.0 = Release|Any CPU
	EndGlobalSection
	GlobalSection(SolutionProperties) = preSolution
		HideSolutionNode = FALSE
	EndGlobalSection
	GlobalSection(ExtensibilityGlobals) = postSolution
		SolutionGuid = {C5450AFC-0800-4B18-984E-959CE94BD9F5}
	EndGlobalSection
EndGlobal
